{
  "nodes": {
    "nixpkgs": {
      "locked": {
        "lastModified": 1750622754,
        "narHash": "sha256-kMhs+YzV4vPGfuTpD3mwzibWUE6jotw5Al2wczI0Pv8=",
        "owner": "nixos",
        "repo": "nixpkgs",
        "rev": "c7ab75210cb8cb16ddd8f290755d9558edde7ee1",
        "type": "github"
      },
      "original": {
        "owner": "nixos",
        "ref": "nixos-25.05",
        "repo": "nixpkgs",
        "type": "github"
      }
    },
    "nixpkgs_2": {
      "locked": {
        "lastModified": 1750865895,
        "narHash": "sha256-p2dWAQcLVzquy9LxYCZPwyUdugw78Qv3ChvnX755qHA=",
        "owner": "NixOS",
        "repo": "nixpkgs",
        "rev": "61c0f513911459945e2cb8bf333dc849f1b976ff",
        "type": "github"
      },
      "original": {
        "owner": "NixOS",
        "repo": "nixpkgs",
        "type": "github"
      }
    },
    "root": {
      "inputs": {
        "nixpkgs": "nixpkgs",
        "stapelbergnix": "stapelbergnix"
      }
    },
    "stapelbergnix": {
      "inputs": {
        "nixpkgs": "nixpkgs_2"
      },
      "locked": {
        "lastModified": 1749367161,
        "narHash": "sha256-iv9MsQEu1qVGClb4/Pfm+YvizaqJ8/b719xJLLPfj/A=",
        "owner": "stapelberg",
        "repo": "nix",
        "rev": "4317708d74102ab946a5f263ec34368df120f1cb",
        "type": "github"
      },
      "original": {
        "owner": "stapelberg",
        "repo": "nix",
        "type": "github"
      }
    }
  },
  "root": "root",
  "version": 7
}
